{
  "originHash" : "e346bff54c889a087f74da7ca421ae84c8a6cce9e2ee150db8ab63b357d230ce",
  "pins" : [
    {
      "identity" : "aetherengine",
      "kind" : "remoteSourceControl",
      "location" : "https://github.com/superuser404notfound/AetherEngine",
      "state" : {
        "revision" : "158446287420b69621ec937702848b358f314796",
        "version" : "4.12.1"
      }
    },
    {
      "identity" : "ffmpegbuild",
      "kind" : "remoteSourceControl",
      "location" : "https://github.com/superuser404notfound/FFmpegBuild",
      "state" : {
        "revision" : "f2d077708370f0098d73a3328cd7aea3c90291f5",
        "version" : "1.0.5"
      }
    },
    {
      "identity" : "libdovi",
      "kind" : "remoteSourceControl",
      "location" : "https://github.com/superuser404notfound/LibDovi",
      "state" : {
        "revision" : "bebab0af0e3633b0002fcc7106ea6fc7ceea8277",
        "version" : "1.0.2"
      }
    },
    {
      "identity" : "smbclient",
      "kind" : "remoteSourceControl",
      "location" : "https://github.com/kishikawakatsumi/SMBClient",
      "state" : {
        "revision" : "e636c2b2458930770932a36d311ec9d478575b90",
        "version" : "0.3.1"
      }
    }
  ],
  "version" : 3
}
